{
  "name": "easy-manual",
  "version": "0.0.1",
  "lockfileVersion": 3,
  "requires": true,
  "packages": {
    "": {
      "name": "easy-manual",
      "version": "0.0.1",
      "license": "ISC",
      "dependencies": {
        "nunjucks": "^3.2.4",
        "showdown": "^2.1.0"
      },
      "bin": {
        "easy-manual": "index.js"
      },
      "devDependencies": {
        "@types/node": "^20.12.7",
        "@types/nunjucks": "^3.2.6",
        "@types/showdown": "^2.0.6",
        "rimraf": "^5.0.5",
        "tsc": "^2.0.4",
        "typescript": "^5.4.5"
      }
    },
    "node_modules/@isaacs/cliui": {
      "version": "8.0.2",
      "resolved": "https://pkgs.dev.azure.com/dealerpolicy/_packaging/DealerPolicy/npm/registry/@isaacs/cliui/-/cliui-8.0.2.tgz",
      "integrity": "sha1-s3Znt7wYHBaHgiWbq0JHT79StVA=",
      "dev": true,
      "license": "ISC",
      "dependencies": {
        "string-width": "^5.1.2",
        "string-width-cjs": "npm:string-width@^4.2.0",
        "strip-ansi": "^7.0.1",
        "strip-ansi-cjs": "npm:strip-ansi@^6.0.1",
        "wrap-ansi": "^8.1.0",
        "wrap-ansi-cjs": "npm:wrap-ansi@^7.0.0"
      },
      "engines": {
        "node": ">=12"
      }
    },
    "node_modules/@isaacs/cliui/node_modules/ansi-regex": {
      "version": "6.0.1",
      "resolved": "https://pkgs.dev.azure.com/dealerpolicy/_packaging/DealerPolicy/npm/registry/ansi-regex/-/ansi-regex-6.0.1.tgz",
      "integrity": "sha1-MYPjj66aZdfLXlOUXNWJfQJgoGo=",
      "dev": true,
      "license": "MIT",
      "engines": {
        "node": ">=12"
      },
      "funding": {
        "url": "https://github.com/chalk/ansi-regex?sponsor=1"
      }
    },
    "node_modules/@isaacs/cliui/node_modules/ansi-styles": {
      "version": "6.2.1",
      "resolved": "https://pkgs.dev.azure.com/dealerpolicy/_packaging/DealerPolicy/npm/registry/ansi-styles/-/ansi-styles-6.2.1.tgz",
      "integrity": "sha1-DmIyDPmcIa//OzASGSVGqsv7BcU=",
      "dev": true,
      "license": "MIT",
      "engines": {
        "node": ">=12"
      },
      "funding": {
        "url": "https://github.com/chalk/ansi-styles?sponsor=1"
      }
    },
    "node_modules/@isaacs/cliui/node_modules/emoji-regex": {
      "version": "9.2.2",
      "resolved": "https://pkgs.dev.azure.com/dealerpolicy/_packaging/DealerPolicy/npm/registry/emoji-regex/-/emoji-regex-9.2.2.tgz",
      "integrity": "sha1-hAyIA7DYBH9P8M+WMXazLU7z7XI=",
      "dev": true,
      "license": "MIT"
    },
    "node_modules/@isaacs/cliui/node_modules/string-width": {
      "version": "5.1.2",
      "resolved": "https://pkgs.dev.azure.com/dealerpolicy/_packaging/DealerPolicy/npm/registry/string-width/-/string-width-5.1.2.tgz",
      "integrity": "sha1-FPja7G2B5yIdKjV+Zoyrc728p5Q=",
      "dev": true,
      "license": "MIT",
      "dependencies": {
        "eastasianwidth": "^0.2.0",
        "emoji-regex": "^9.2.2",
        "strip-ansi": "^7.0.1"
      },
      "engines": {
        "node": ">=12"
      },
      "funding": {
        "url": "https://github.com/sponsors/sindresorhus"
      }
    },
    "node_modules/@isaacs/cliui/node_modules/strip-ansi": {
      "version": "7.1.0",
      "resolved": "https://pkgs.dev.azure.com/dealerpolicy/_packaging/DealerPolicy/npm/registry/strip-ansi/-/strip-ansi-7.1.0.tgz",
      "integrity": "sha1-1bZWjKaJ2FYTcLBwdoXSJDT6/0U=",
      "dev": true,
      "license": "MIT",
      "dependencies": {
        "ansi-regex": "^6.0.1"
      },
      "engines": {
        "node": ">=12"
      },
      "funding": {
        "url": "https://github.com/chalk/strip-ansi?sponsor=1"
      }
    },
    "node_modules/@isaacs/cliui/node_modules/wrap-ansi": {
      "version": "8.1.0",
      "resolved": "https://pkgs.dev.azure.com/dealerpolicy/_packaging/DealerPolicy/npm/registry/wrap-ansi/-/wrap-ansi-8.1.0.tgz",
      "integrity": "sha1-VtwiNo7lcPrOG0mBmXXZuaXq0hQ=",
      "dev": true,
      "license": "MIT",
      "dependencies": {
        "ansi-styles": "^6.1.0",
        "string-width": "^5.0.1",
        "strip-ansi": "^7.0.1"
      },
      "engines": {
        "node": ">=12"
      },
      "funding": {
        "url": "https://github.com/chalk/wrap-ansi?sponsor=1"
      }
    },
    "node_modules/@pkgjs/parseargs": {
      "version": "0.11.0",
      "resolved": "https://pkgs.dev.azure.com/dealerpolicy/_packaging/DealerPolicy/npm/registry/@pkgjs/parseargs/-/parseargs-0.11.0.tgz",
      "integrity": "sha1-p36nQvqyV3UUVDTrHSMoz1ATrDM=",
      "dev": true,
      "license": "MIT",
      "optional": true,
      "engines": {
        "node": ">=14"
      }
    },
    "node_modules/@types/node": {
      "version": "20.12.7",
      "resolved": "https://pkgs.dev.azure.com/dealerpolicy/_packaging/DealerPolicy/npm/registry/@types/node/-/node-20.12.7.tgz",
      "integrity": "sha1-BAgDYvo91sWCIGGqMST1wVLP84Q=",
      "dev": true,
      "license": "MIT",
      "dependencies": {
        "undici-types": "~5.26.4"
      }
    },
    "node_modules/@types/nunjucks": {
      "version": "3.2.6",
      "resolved": "https://pkgs.dev.azure.com/dealerpolicy/_packaging/DealerPolicy/npm/registry/@types/nunjucks/-/nunjucks-3.2.6.tgz",
      "integrity": "sha1-bW4DY3GVRd+LmgJCeZAu32iyyqk=",
      "dev": true,
      "license": "MIT"
    },
    "node_modules/@types/showdown": {
      "version": "2.0.6",
      "resolved": "https://pkgs.dev.azure.com/dealerpolicy/_packaging/DealerPolicy/npm/registry/@types/showdown/-/showdown-2.0.6.tgz",
      "integrity": "sha1-PXr/1flxtKF3g+wrI7StO5dHe34=",
      "dev": true,
      "license": "MIT"
    },
    "node_modules/a-sync-waterfall": {
      "version": "1.0.1",
      "resolved": "https://pkgs.dev.azure.com/dealerpolicy/_packaging/DealerPolicy/npm/registry/a-sync-waterfall/-/a-sync-waterfall-1.0.1.tgz",
      "integrity": "sha1-dba2qnJZi0l6El56J3DxT0yKH6c=",
      "license": "MIT"
    },
    "node_modules/ansi-regex": {
      "version": "5.0.1",
      "resolved": "https://pkgs.dev.azure.com/dealerpolicy/_packaging/DealerPolicy/npm/registry/ansi-regex/-/ansi-regex-5.0.1.tgz",
      "integrity": "sha1-CCyyyJyf6GWaMRpTvWpNxTAdswQ=",
      "dev": true,
      "license": "MIT",
      "engines": {
        "node": ">=8"
      }
    },
    "node_modules/ansi-styles": {
      "version": "4.3.0",
      "resolved": "https://pkgs.dev.azure.com/dealerpolicy/_packaging/DealerPolicy/npm/registry/ansi-styles/-/ansi-styles-4.3.0.tgz",
      "integrity": "sha1-7dgDYornHATIWuegkG7a00tkiTc=",
      "dev": true,
      "license": "MIT",
      "dependencies": {
        "color-convert": "^2.0.1"
      },
      "engines": {
        "node": ">=8"
      },
      "funding": {
        "url": "https://github.com/chalk/ansi-styles?sponsor=1"
      }
    },
    "node_modules/asap": {
      "version": "2.0.6",
      "resolved": "https://pkgs.dev.azure.com/dealerpolicy/_packaging/DealerPolicy/npm/registry/asap/-/asap-2.0.6.tgz",
      "integrity": "sha1-5QNHYR1+aQlDIIu9r+vLwvuGbUY=",
      "license": "MIT"
    },
    "node_modules/balanced-match": {
      "version": "1.0.2",
      "resolved": "https://pkgs.dev.azure.com/dealerpolicy/_packaging/DealerPolicy/npm/registry/balanced-match/-/balanced-match-1.0.2.tgz",
      "integrity": "sha1-6D46fj8wCzTLnYf2FfoMvzV2kO4=",
      "dev": true,
      "license": "MIT"
    },
    "node_modules/color-convert": {
      "version": "2.0.1",
      "resolved": "https://pkgs.dev.azure.com/dealerpolicy/_packaging/DealerPolicy/npm/registry/color-convert/-/color-convert-2.0.1.tgz",
      "integrity": "sha1-ctOmjVmMm9s68q0ehPIdiWq9TeM=",
      "dev": true,
      "license": "MIT",
      "dependencies": {
        "color-name": "~1.1.4"
      },
      "engines": {
        "node": ">=7.0.0"
      }
    },
    "node_modules/color-name": {
      "version": "1.1.4",
      "resolved": "https://pkgs.dev.azure.com/dealerpolicy/_packaging/DealerPolicy/npm/registry/color-name/-/color-name-1.1.4.tgz",
      "integrity": "sha1-wqCah6y95pVD3m9j+jmVyCbFNqI=",
      "dev": true,
      "license": "MIT"
    },
    "node_modules/commander": {
      "version": "5.1.0",
      "resolved": "https://pkgs.dev.azure.com/dealerpolicy/_packaging/DealerPolicy/npm/registry/commander/-/commander-5.1.0.tgz",
      "integrity": "sha1-Rqu9FlL44Fm92u+Zu9yyrZzxea4=",
      "license": "MIT",
      "engines": {
        "node": ">= 6"
      }
    },
    "node_modules/cross-spawn": {
      "version": "7.0.3",
      "resolved": "https://pkgs.dev.azure.com/dealerpolicy/_packaging/DealerPolicy/npm/registry/cross-spawn/-/cross-spawn-7.0.3.tgz",
      "integrity": "sha1-9zqFudXUHQRVUcF34ogtSshXKKY=",
      "dev": true,
      "license": "MIT",
      "dependencies": {
        "path-key": "^3.1.0",
        "shebang-command": "^2.0.0",
        "which": "^2.0.1"
      },
      "engines": {
        "node": ">= 8"
      }
    },
    "node_modules/eastasianwidth": {
      "version": "0.2.0",
      "resolved": "https://pkgs.dev.azure.com/dealerpolicy/_packaging/DealerPolicy/npm/registry/eastasianwidth/-/eastasianwidth-0.2.0.tgz",
      "integrity": "sha1-aWzi7Aqg5uqTo5f/zySqeEDIJ8s=",
      "dev": true,
      "license": "MIT"
    },
    "node_modules/emoji-regex": {
      "version": "8.0.0",
      "resolved": "https://pkgs.dev.azure.com/dealerpolicy/_packaging/DealerPolicy/npm/registry/emoji-regex/-/emoji-regex-8.0.0.tgz",
      "integrity": "sha1-6Bj9ac5cz8tARZT4QpY79TFkzDc=",
      "dev": true,
      "license": "MIT"
    },
    "node_modules/foreground-child": {
      "version": "3.1.1",
      "resolved": "https://pkgs.dev.azure.com/dealerpolicy/_packaging/DealerPolicy/npm/registry/foreground-child/-/foreground-child-3.1.1.tgz",
      "integrity": "sha1-HRc+d2110ncv7Qjv5KDeHqGxLQ0=",
      "dev": true,
      "license": "ISC",
      "dependencies": {
        "cross-spawn": "^7.0.0",
        "signal-exit": "^4.0.1"
      },
      "engines": {
        "node": ">=14"
      },
      "funding": {
        "url": "https://github.com/sponsors/isaacs"
      }
    },
    "node_modules/is-fullwidth-code-point": {
      "version": "3.0.0",
      "resolved": "https://pkgs.dev.azure.com/dealerpolicy/_packaging/DealerPolicy/npm/registry/is-fullwidth-code-point/-/is-fullwidth-code-point-3.0.0.tgz",
      "integrity": "sha1-8Rb4Bk/pCz94RKOJl8C3UFEmnx0=",
      "dev": true,
      "license": "MIT",
      "engines": {
        "node": ">=8"
      }
    },
    "node_modules/isexe": {
      "version": "2.0.0",
      "resolved": "https://pkgs.dev.azure.com/dealerpolicy/_packaging/DealerPolicy/npm/registry/isexe/-/isexe-2.0.0.tgz",
      "integrity": "sha1-6PvzdNxVb/iUehDcsFctYz8s+hA=",
      "dev": true,
      "license": "ISC"
    },
    "node_modules/jackspeak": {
      "version": "2.3.6",
      "resolved": "https://pkgs.dev.azure.com/dealerpolicy/_packaging/DealerPolicy/npm/registry/jackspeak/-/jackspeak-2.3.6.tgz",
      "integrity": "sha1-ZH7MRyI4ruSwasDkYazCGoxQXKg=",
      "dev": true,
      "license": "BlueOak-1.0.0",
      "dependencies": {
        "@isaacs/cliui": "^8.0.2"
      },
      "engines": {
        "node": ">=14"
      },
      "funding": {
        "url": "https://github.com/sponsors/isaacs"
      },
      "optionalDependencies": {
        "@pkgjs/parseargs": "^0.11.0"
      }
    },
    "node_modules/lru-cache": {
      "version": "10.2.0",
      "resolved": "https://pkgs.dev.azure.com/dealerpolicy/_packaging/DealerPolicy/npm/registry/lru-cache/-/lru-cache-10.2.0.tgz",
      "integrity": "sha1-C9RFylc2NGWQD00fm9jbNDpNlcM=",
      "dev": true,
      "license": "ISC",
      "engines": {
        "node": "14 || >=16.14"
      }
    },
    "node_modules/minipass": {
      "version": "7.0.4",
      "resolved": "https://pkgs.dev.azure.com/dealerpolicy/_packaging/DealerPolicy/npm/registry/minipass/-/minipass-7.0.4.tgz",
      "integrity": "sha1-284DdA9QpHhrqZTB+5CIRNJ7A4w=",
      "dev": true,
      "license": "ISC",
      "engines": {
        "node": ">=16 || 14 >=14.17"
      }
    },
    "node_modules/nunjucks": {
      "version": "3.2.4",
      "resolved": "https://pkgs.dev.azure.com/dealerpolicy/_packaging/DealerPolicy/npm/registry/nunjucks/-/nunjucks-3.2.4.tgz",
      "integrity": "sha1-8IeO71KM57CqNdZ8xomGNf10ZJ4=",
      "license": "BSD-2-Clause",
      "dependencies": {
        "a-sync-waterfall": "^1.0.0",
        "asap": "^2.0.3",
        "commander": "^5.1.0"
      },
      "bin": {
        "nunjucks-precompile": "bin/precompile"
      },
      "engines": {
        "node": ">= 6.9.0"
      },
      "peerDependencies": {
        "chokidar": "^3.3.0"
      },
      "peerDependenciesMeta": {
        "chokidar": {
          "optional": true
        }
      }
    },
    "node_modules/path-key": {
      "version": "3.1.1",
      "resolved": "https://pkgs.dev.azure.com/dealerpolicy/_packaging/DealerPolicy/npm/registry/path-key/-/path-key-3.1.1.tgz",
      "integrity": "sha1-WB9q3mWMu6ZaDTOA3ndTKVBU83U=",
      "dev": true,
      "license": "MIT",
      "engines": {
        "node": ">=8"
      }
    },
    "node_modules/path-scurry": {
      "version": "1.10.2",
      "resolved": "https://pkgs.dev.azure.com/dealerpolicy/_packaging/DealerPolicy/npm/registry/path-scurry/-/path-scurry-1.10.2.tgz",
      "integrity": "sha1-j2NX6xI51fodqLn3DpwIBnVFi6c=",
      "dev": true,
      "license": "BlueOak-1.0.0",
      "dependencies": {
        "lru-cache": "^10.2.0",
        "minipass": "^5.0.0 || ^6.0.2 || ^7.0.0"
      },
      "engines": {
        "node": ">=16 || 14 >=14.17"
      },
      "funding": {
        "url": "https://github.com/sponsors/isaacs"
      }
    },
    "node_modules/rimraf": {
      "version": "5.0.5",
      "resolved": "https://pkgs.dev.azure.com/dealerpolicy/_packaging/DealerPolicy/npm/registry/rimraf/-/rimraf-5.0.5.tgz",
      "integrity": "sha1-m+ZdLW5oNEfS6QE9or9FETmmHM8=",
      "dev": true,
      "license": "ISC",
      "dependencies": {
        "glob": "^10.3.7"
      },
      "bin": {
        "rimraf": "dist/esm/bin.mjs"
      },
      "engines": {
        "node": ">=14"
      },
      "funding": {
        "url": "https://github.com/sponsors/isaacs"
      }
    },
    "node_modules/rimraf/node_modules/brace-expansion": {
      "version": "2.0.1",
      "resolved": "https://pkgs.dev.azure.com/dealerpolicy/_packaging/DealerPolicy/npm/registry/brace-expansion/-/brace-expansion-2.0.1.tgz",
      "integrity": "sha1-HtxFng8MVISG7Pn8mfIiE2S5oK4=",
      "dev": true,
      "license": "MIT",
      "dependencies": {
        "balanced-match": "^1.0.0"
      }
    },
    "node_modules/rimraf/node_modules/glob": {
      "version": "10.3.12",
      "resolved": "https://pkgs.dev.azure.com/dealerpolicy/_packaging/DealerPolicy/npm/registry/glob/-/glob-10.3.12.tgz",
      "integrity": "sha1-OmXDY8LpmY0iAzjoil9qyXMClgs=",
      "dev": true,
      "license": "ISC",
      "dependencies": {
        "foreground-child": "^3.1.0",
        "jackspeak": "^2.3.6",
        "minimatch": "^9.0.1",
        "minipass": "^7.0.4",
        "path-scurry": "^1.10.2"
      },
      "bin": {
        "glob": "dist/esm/bin.mjs"
      },
      "engines": {
        "node": ">=16 || 14 >=14.17"
      },
      "funding": {
        "url": "https://github.com/sponsors/isaacs"
      }
    },
    "node_modules/rimraf/node_modules/minimatch": {
      "version": "9.0.4",
      "resolved": "https://pkgs.dev.azure.com/dealerpolicy/_packaging/DealerPolicy/npm/registry/minimatch/-/minimatch-9.0.4.tgz",
      "integrity": "sha1-jknHMdF0nL7AUFDuUUUUezJJalE=",
      "dev": true,
      "license": "ISC",
      "dependencies": {
        "brace-expansion": "^2.0.1"
      },
      "engines": {
        "node": ">=16 || 14 >=14.17"
      },
      "funding": {
        "url": "https://github.com/sponsors/isaacs"
      }
    },
    "node_modules/shebang-command": {
      "version": "2.0.0",
      "resolved": "https://pkgs.dev.azure.com/dealerpolicy/_packaging/DealerPolicy/npm/registry/shebang-command/-/shebang-command-2.0.0.tgz",
      "integrity": "sha1-zNCvT4g1+9wmW4JGGq8MNmY/NOo=",
      "dev": true,
      "license": "MIT",
      "dependencies": {
        "shebang-regex": "^3.0.0"
      },
      "engines": {
        "node": ">=8"
      }
    },
    "node_modules/shebang-regex": {
      "version": "3.0.0",
      "resolved": "https://pkgs.dev.azure.com/dealerpolicy/_packaging/DealerPolicy/npm/registry/shebang-regex/-/shebang-regex-3.0.0.tgz",
      "integrity": "sha1-rhbxZE2HPsrYQ7AwexQzYtTEIXI=",
      "dev": true,
      "license": "MIT",
      "engines": {
        "node": ">=8"
      }
    },
    "node_modules/showdown": {
      "version": "2.1.0",
      "resolved": "https://pkgs.dev.azure.com/dealerpolicy/_packaging/DealerPolicy/npm/registry/showdown/-/showdown-2.1.0.tgz",
      "integrity": "sha1-ElH17Y93PwwMe/yOb9I1gfnlRcU=",
      "license": "MIT",
      "dependencies": {
        "commander": "^9.0.0"
      },
      "bin": {
        "showdown": "bin/showdown.js"
      },
      "funding": {
        "type": "individual",
        "url": "https://www.paypal.me/tiviesantos"
      }
    },
    "node_modules/showdown/node_modules/commander": {
      "version": "9.5.0",
      "resolved": "https://pkgs.dev.azure.com/dealerpolicy/_packaging/DealerPolicy/npm/registry/commander/-/commander-9.5.0.tgz",
      "integrity": "sha1-vAjR61zt98y3l6lhmdQce8PmDTA=",
      "license": "MIT",
      "engines": {
        "node": "^12.20.0 || >=14"
      }
    },
    "node_modules/signal-exit": {
      "version": "4.1.0",
      "resolved": "https://pkgs.dev.azure.com/dealerpolicy/_packaging/DealerPolicy/npm/registry/signal-exit/-/signal-exit-4.1.0.tgz",
      "integrity": "sha1-lSGIwcvVRgcOLdIND0HArgUwywQ=",
      "dev": true,
      "license": "ISC",
      "engines": {
        "node": ">=14"
      },
      "funding": {
        "url": "https://github.com/sponsors/isaacs"
      }
    },
    "node_modules/string-width": {
      "version": "4.2.3",
      "resolved": "https://pkgs.dev.azure.com/dealerpolicy/_packaging/DealerPolicy/npm/registry/string-width/-/string-width-4.2.3.tgz",
      "integrity": "sha1-JpxxF9J7Ba0uU2gwqOyJXvnG0BA=",
      "dev": true,
      "license": "MIT",
      "dependencies": {
        "emoji-regex": "^8.0.0",
        "is-fullwidth-code-point": "^3.0.0",
        "strip-ansi": "^6.0.1"
      },
      "engines": {
        "node": ">=8"
      }
    },
    "node_modules/string-width-cjs": {
      "name": "string-width",
      "version": "4.2.3",
      "resolved": "https://pkgs.dev.azure.com/dealerpolicy/_packaging/DealerPolicy/npm/registry/string-width/-/string-width-4.2.3.tgz",
      "integrity": "sha1-JpxxF9J7Ba0uU2gwqOyJXvnG0BA=",
      "dev": true,
      "license": "MIT",
      "dependencies": {
        "emoji-regex": "^8.0.0",
        "is-fullwidth-code-point": "^3.0.0",
        "strip-ansi": "^6.0.1"
      },
      "engines": {
        "node": ">=8"
      }
    },
    "node_modules/strip-ansi": {
      "version": "6.0.1",
      "resolved": "https://pkgs.dev.azure.com/dealerpolicy/_packaging/DealerPolicy/npm/registry/strip-ansi/-/strip-ansi-6.0.1.tgz",
      "integrity": "sha1-nibGPTD1NEPpSJSVshBdN7Z6hdk=",
      "dev": true,
      "license": "MIT",
      "dependencies": {
        "ansi-regex": "^5.0.1"
      },
      "engines": {
        "node": ">=8"
      }
    },
    "node_modules/strip-ansi-cjs": {
      "name": "strip-ansi",
      "version": "6.0.1",
      "resolved": "https://pkgs.dev.azure.com/dealerpolicy/_packaging/DealerPolicy/npm/registry/strip-ansi/-/strip-ansi-6.0.1.tgz",
      "integrity": "sha1-nibGPTD1NEPpSJSVshBdN7Z6hdk=",
      "dev": true,
      "license": "MIT",
      "dependencies": {
        "ansi-regex": "^5.0.1"
      },
      "engines": {
        "node": ">=8"
      }
    },
    "node_modules/tsc": {
      "version": "2.0.4",
      "resolved": "https://pkgs.dev.azure.com/dealerpolicy/_packaging/DealerPolicy/npm/registry/tsc/-/tsc-2.0.4.tgz",
      "integrity": "sha1-X2SZFGq+pdykQgtFH6Ty+TRSOPU=",
      "dev": true,
      "license": "MIT",
      "bin": {
        "tsc": "bin/tsc"
      }
    },
    "node_modules/typescript": {
      "version": "5.4.5",
      "resolved": "https://pkgs.dev.azure.com/dealerpolicy/_packaging/DealerPolicy/npm/registry/typescript/-/typescript-5.4.5.tgz",
      "integrity": "sha1-QszvLFcf29D2cYsdH15uXvAG9hE=",
      "dev": true,
      "license": "Apache-2.0",
      "bin": {
        "tsc": "bin/tsc",
        "tsserver": "bin/tsserver"
      },
      "engines": {
        "node": ">=14.17"
      }
    },
    "node_modules/undici-types": {
      "version": "5.26.5",
      "resolved": "https://pkgs.dev.azure.com/dealerpolicy/_packaging/DealerPolicy/npm/registry/undici-types/-/undici-types-5.26.5.tgz",
      "integrity": "sha1-vNU5iT0AtW6WT9JlekhmsiGmVhc=",
      "dev": true,
      "license": "MIT"
    },
    "node_modules/which": {
      "version": "2.0.2",
      "resolved": "https://pkgs.dev.azure.com/dealerpolicy/_packaging/DealerPolicy/npm/registry/which/-/which-2.0.2.tgz",
      "integrity": "sha1-fGqN0KY2oDJ+ELWckobu6T8/UbE=",
      "dev": true,
      "license": "ISC",
      "dependencies": {
        "isexe": "^2.0.0"
      },
      "bin": {
        "node-which": "bin/node-which"
      },
      "engines": {
        "node": ">= 8"
      }
    },
    "node_modules/wrap-ansi-cjs": {
      "name": "wrap-ansi",
      "version": "7.0.0",
      "resolved": "https://pkgs.dev.azure.com/dealerpolicy/_packaging/DealerPolicy/npm/registry/wrap-ansi/-/wrap-ansi-7.0.0.tgz",
      "integrity": "sha1-Z+FFz/UQpqaYS98RUpEdadLrnkM=",
      "dev": true,
      "license": "MIT",
      "dependencies": {
        "ansi-styles": "^4.0.0",
        "string-width": "^4.1.0",
        "strip-ansi": "^6.0.0"
      },
      "engines": {
        "node": ">=10"
      },
      "funding": {
        "url": "https://github.com/chalk/wrap-ansi?sponsor=1"
      }
    }
  }
}
