{
  "name": "easy-manual",
  "version": "0.0.1",
  "lockfileVersion": 3,
  "requires": true,
  "packages": {
    "": {
      "name": "easy-manual",
      "version": "0.0.1",
      "license": "ISC",
      "dependencies": {
        "nunjucks": "^3.2.4",
        "showdown": "^2.1.0"
      },
      "bin": {
        "easy-manual": "index.js"
      },
      "devDependencies": {
        "@types/node": "^20.12.7",
        "@types/nunjucks": "^3.2.6",
        "@types/showdown": "^2.0.6",
        "tsc": "^2.0.4",
        "typescript": "^5.4.5"
      }
    },
    "node_modules/@types/node": {
      "version": "20.12.7",
      "resolved": "https://pkgs.dev.azure.com/dealerpolicy/_packaging/DealerPolicy/npm/registry/@types/node/-/node-20.12.7.tgz",
      "integrity": "sha1-BAgDYvo91sWCIGGqMST1wVLP84Q=",
      "dev": true,
      "license": "MIT",
      "dependencies": {
        "undici-types": "~5.26.4"
      }
    },
    "node_modules/@types/nunjucks": {
      "version": "3.2.6",
      "resolved": "https://pkgs.dev.azure.com/dealerpolicy/_packaging/DealerPolicy/npm/registry/@types/nunjucks/-/nunjucks-3.2.6.tgz",
      "integrity": "sha1-bW4DY3GVRd+LmgJCeZAu32iyyqk=",
      "dev": true,
      "license": "MIT"
    },
    "node_modules/@types/showdown": {
      "version": "2.0.6",
      "resolved": "https://pkgs.dev.azure.com/dealerpolicy/_packaging/DealerPolicy/npm/registry/@types/showdown/-/showdown-2.0.6.tgz",
      "integrity": "sha1-PXr/1flxtKF3g+wrI7StO5dHe34=",
      "dev": true,
      "license": "MIT"
    },
    "node_modules/a-sync-waterfall": {
      "version": "1.0.1",
      "resolved": "https://pkgs.dev.azure.com/dealerpolicy/_packaging/DealerPolicy/npm/registry/a-sync-waterfall/-/a-sync-waterfall-1.0.1.tgz",
      "integrity": "sha1-dba2qnJZi0l6El56J3DxT0yKH6c=",
      "license": "MIT"
    },
    "node_modules/asap": {
      "version": "2.0.6",
      "resolved": "https://pkgs.dev.azure.com/dealerpolicy/_packaging/DealerPolicy/npm/registry/asap/-/asap-2.0.6.tgz",
      "integrity": "sha1-5QNHYR1+aQlDIIu9r+vLwvuGbUY=",
      "license": "MIT"
    },
    "node_modules/commander": {
      "version": "5.1.0",
      "resolved": "https://pkgs.dev.azure.com/dealerpolicy/_packaging/DealerPolicy/npm/registry/commander/-/commander-5.1.0.tgz",
      "integrity": "sha1-Rqu9FlL44Fm92u+Zu9yyrZzxea4=",
      "license": "MIT",
      "engines": {
        "node": ">= 6"
      }
    },
    "node_modules/nunjucks": {
      "version": "3.2.4",
      "resolved": "https://pkgs.dev.azure.com/dealerpolicy/_packaging/DealerPolicy/npm/registry/nunjucks/-/nunjucks-3.2.4.tgz",
      "integrity": "sha1-8IeO71KM57CqNdZ8xomGNf10ZJ4=",
      "license": "BSD-2-Clause",
      "dependencies": {
        "a-sync-waterfall": "^1.0.0",
        "asap": "^2.0.3",
        "commander": "^5.1.0"
      },
      "bin": {
        "nunjucks-precompile": "bin/precompile"
      },
      "engines": {
        "node": ">= 6.9.0"
      },
      "peerDependencies": {
        "chokidar": "^3.3.0"
      },
      "peerDependenciesMeta": {
        "chokidar": {
          "optional": true
        }
      }
    },
    "node_modules/showdown": {
      "version": "2.1.0",
      "resolved": "https://pkgs.dev.azure.com/dealerpolicy/_packaging/DealerPolicy/npm/registry/showdown/-/showdown-2.1.0.tgz",
      "integrity": "sha1-ElH17Y93PwwMe/yOb9I1gfnlRcU=",
      "license": "MIT",
      "dependencies": {
        "commander": "^9.0.0"
      },
      "bin": {
        "showdown": "bin/showdown.js"
      },
      "funding": {
        "type": "individual",
        "url": "https://www.paypal.me/tiviesantos"
      }
    },
    "node_modules/showdown/node_modules/commander": {
      "version": "9.5.0",
      "resolved": "https://pkgs.dev.azure.com/dealerpolicy/_packaging/DealerPolicy/npm/registry/commander/-/commander-9.5.0.tgz",
      "integrity": "sha1-vAjR61zt98y3l6lhmdQce8PmDTA=",
      "license": "MIT",
      "engines": {
        "node": "^12.20.0 || >=14"
      }
    },
    "node_modules/tsc": {
      "version": "2.0.4",
      "resolved": "https://pkgs.dev.azure.com/dealerpolicy/_packaging/DealerPolicy/npm/registry/tsc/-/tsc-2.0.4.tgz",
      "integrity": "sha1-X2SZFGq+pdykQgtFH6Ty+TRSOPU=",
      "dev": true,
      "license": "MIT",
      "bin": {
        "tsc": "bin/tsc"
      }
    },
    "node_modules/typescript": {
      "version": "5.4.5",
      "resolved": "https://pkgs.dev.azure.com/dealerpolicy/_packaging/DealerPolicy/npm/registry/typescript/-/typescript-5.4.5.tgz",
      "integrity": "sha1-QszvLFcf29D2cYsdH15uXvAG9hE=",
      "dev": true,
      "license": "Apache-2.0",
      "bin": {
        "tsc": "bin/tsc",
        "tsserver": "bin/tsserver"
      },
      "engines": {
        "node": ">=14.17"
      }
    },
    "node_modules/undici-types": {
      "version": "5.26.5",
      "resolved": "https://pkgs.dev.azure.com/dealerpolicy/_packaging/DealerPolicy/npm/registry/undici-types/-/undici-types-5.26.5.tgz",
      "integrity": "sha1-vNU5iT0AtW6WT9JlekhmsiGmVhc=",
      "dev": true,
      "license": "MIT"
    }
  }
}
